
Microsoft Visual Studio Solution File, Format Version 12.00
# Visual Studio Version 17
VisualStudioVersion = 17.2.32602.215
MinimumVisualStudioVersion = 10.0.40219.1
Project("{FAE04EC0-301F-11D3-BF4B-00C04F79EFBC}") = "MarketUtilities-V2", "MarketUtilities-V2\MarketUtilities-V2.csproj", "{18B03B3E-4264-40B0-98D7-0F37972FB61F}"
EndProject
Global
	GlobalSection(SolutionConfigurationPlatforms) = preSolution
		Debug|Any CPU = Debug|Any CPU
		Release|Any CPU = Release|Any CPU
	EndGlobalSection
	GlobalSection(ProjectConfigurationPlatforms) = postSolution
		{18B03B3E-4264-40B0-98D7-0F37972FB61F}.Debug|Any CPU.ActiveCfg = Debug|Any CPU
		{18B03B3E-4264-40B0-98D7-0F37972FB61F}.Debug|Any CPU.Build.0 = Debug|Any CPU
		{18B03B3E-4264-40B0-98D7-0F37972FB61F}.Release|Any CPU.ActiveCfg = Release|Any CPU
		{18B03B3E-4264-40B0-98D7-0F37972FB61F}.Release|Any CPU.Build.0 = Release|Any CPU
	EndGlobalSection
	GlobalSection(SolutionProperties) = preSolution
		HideSolutionNode = FALSE
	EndGlobalSection
	GlobalSection(ExtensibilityGlobals) = postSolution
		SolutionGuid = {E449F504-E199-49E5-B5D0-EAA0FB046D6B}
	EndGlobalSection
EndGlobal
